
Microsoft Visual Studio Solution File, Format Version 12.00
# Visual Studio 15
Project("{FAE04EC0-301F-11D3-BF4B-00C04F79EFBC}") = "Assembly-CSharp", "Assembly-CSharp.csproj", "{6F980425-781C-0D93-339D-571627F0CEF7}"
EndProject
Global
	GlobalSection(SolutionConfigurationPlatforms) = preSolution
		Debug|Any CPU = Debug|Any CPU
		Release|Any CPU = Release|Any CPU
	EndGlobalSection
	GlobalSection(ProjectConfigurationPlatforms) = postSolution
		{6F980425-781C-0D93-339D-571627F0CEF7}.Debug|Any CPU.ActiveCfg = Debug|Any CPU
		{6F980425-781C-0D93-339D-571627F0CEF7}.Debug|Any CPU.Build.0 = Debug|Any CPU
		{6F980425-781C-0D93-339D-571627F0CEF7}.Release|Any CPU.ActiveCfg = Release|Any CPU
		{6F980425-781C-0D93-339D-571627F0CEF7}.Release|Any CPU.Build.0 = Release|Any CPU
	EndGlobalSection
	GlobalSection(SolutionProperties) = preSolution
		HideSolutionNode = FALSE
	EndGlobalSection
EndGlobal
